PODS:
  - FMDB (2.7.5):
    - FMDB/standard (= 2.7.5)
  - FMDB/standard (2.7.5)
  - Masonry (1.1.0)
  - MJRefresh (3.3.1)
  - ReactiveCocoa (2.3):
    - ReactiveCocoa/UI (= 2.3)
  - ReactiveCocoa/Core (2.3):
    - ReactiveCocoa/no-arc
  - ReactiveCocoa/no-arc (2.3)
  - ReactiveCocoa/UI (2.3):
    - ReactiveCocoa/Core
  - SMLagMonitor (0.1.0):
    - FMDB
    - Masonry
    - MJRefresh
    - ReactiveCocoa

DEPENDENCIES:
  - SMLagMonitor (from `../`)

SPEC REPOS:
  https://github.com/cocoapods/specs.git:
    - FMDB
    - Masonry
    - MJRefresh
    - ReactiveCocoa

EXTERNAL SOURCES:
  SMLagMonitor:
    :path: "../"

SPEC CHECKSUMS:
  FMDB: 2ce00b547f966261cd18927a3ddb07cb6f3db82a
  Masonry: 678fab65091a9290e40e2832a55e7ab731aad201
  MJRefresh: eeda70fbf0ad277f3178cef1cd0c3532591d6237
  ReactiveCocoa: 81ee2fb7df2dfc6bd52b5d70473662195e20ca7d
  SMLagMonitor: d5d126373c319f78bd9383b20ea0f4f7213443ed

PODFILE CHECKSUM: 6deb17507f1441746dfc223beca5f3edfb967468

COCOAPODS: 1.7.1
